
Microsoft Visual Studio Solution File, Format Version 12.00
# Visual Studio Version 17
VisualStudioVersion = 17.4.32804.182
MinimumVisualStudioVersion = 10.0.40219.1
Project("{9A19103F-16F7-4668-BE54-9A1E7A4F7556}") = "Client", "Client\Client.csproj", "{1EB603B2-EC75-4236-AE06-7173ED54B515}"
EndProject
Project("{2150E333-8FDC-42A3-9474-1A3956D46DE8}") = "Service", "Service", "{75595718-A332-4319-9CC3-E53CC0FD15C9}"
EndProject
Project("{2150E333-8FDC-42A3-9474-1A3956D46DE8}") = "WebClient", "WebClient", "{BFB4F20C-9757-4058-8B78-83FFA8B9D5C1}"
EndProject
Project("{2150E333-8FDC-42A3-9474-1A3956D46DE8}") = "Core", "Core", "{635AF4B3-CA08-489F-B347-7D220502E8B2}"
EndProject
Project("{2150E333-8FDC-42A3-9474-1A3956D46DE8}") = "External", "External", "{7A1E461E-079C-44D2-AE25-1D6DE73B7C79}"
EndProject
Project("{2150E333-8FDC-42A3-9474-1A3956D46DE8}") = "src", "src", "{5251A906-8D3D-4DA7-9AEA-78C1213CC342}"
EndProject
Project("{2150E333-8FDC-42A3-9474-1A3956D46DE8}") = "test", "test", "{ED0614B9-04C9-4543-84E4-006580B95972}"
EndProject
Project("{9A19103F-16F7-4668-BE54-9A1E7A4F7556}") = "Application", "Service\src\Core\Application\Application.csproj", "{56837CDB-EA5D-498E-A56C-7CD17ED4B0A5}"
EndProject
Project("{9A19103F-16F7-4668-BE54-9A1E7A4F7556}") = "Domain", "Service\src\Core\Domain\Domain.csproj", "{9BBF1663-1BF7-456E-8B0C-A22479D4C0A1}"
EndProject
Project("{9A19103F-16F7-4668-BE54-9A1E7A4F7556}") = "Infrastructure", "Service\src\External\Infrastructure\Infrastructure.csproj", "{31B0BD97-033F-471E-9A53-E7E741C452B6}"
EndProject
Project("{9A19103F-16F7-4668-BE54-9A1E7A4F7556}") = "Presentation", "Service\src\External\Presentation\Presentation.csproj", "{5CD1A219-DAF1-432E-B5BB-4E875CF183E6}"
EndProject
Project("{9A19103F-16F7-4668-BE54-9A1E7A4F7556}") = "WebApi", "Service\src\WebApi\WebApi.csproj", "{5B844AFF-B229-4595-98FC-8BBE9B066453}"
EndProject
Project("{FAE04EC0-301F-11D3-BF4B-00C04F79EFBC}") = "Architecture.Tests", "Service\test\Architecture.Tests\Architecture.Tests.csproj", "{6060735D-7C64-4B83-A23C-069D6C3BB966}"
EndProject
Global
	GlobalSection(SolutionConfigurationPlatforms) = preSolution
		Debug|Any CPU = Debug|Any CPU
		Release|Any CPU = Release|Any CPU
	EndGlobalSection
	GlobalSection(ProjectConfigurationPlatforms) = postSolution
		{1EB603B2-EC75-4236-AE06-7173ED54B515}.Debug|Any CPU.ActiveCfg = Debug|Any CPU
		{1EB603B2-EC75-4236-AE06-7173ED54B515}.Debug|Any CPU.Build.0 = Debug|Any CPU
		{1EB603B2-EC75-4236-AE06-7173ED54B515}.Release|Any CPU.ActiveCfg = Release|Any CPU
		{1EB603B2-EC75-4236-AE06-7173ED54B515}.Release|Any CPU.Build.0 = Release|Any CPU
		{56837CDB-EA5D-498E-A56C-7CD17ED4B0A5}.Debug|Any CPU.ActiveCfg = Debug|Any CPU
		{56837CDB-EA5D-498E-A56C-7CD17ED4B0A5}.Debug|Any CPU.Build.0 = Debug|Any CPU
		{56837CDB-EA5D-498E-A56C-7CD17ED4B0A5}.Release|Any CPU.ActiveCfg = Release|Any CPU
		{56837CDB-EA5D-498E-A56C-7CD17ED4B0A5}.Release|Any CPU.Build.0 = Release|Any CPU
		{9BBF1663-1BF7-456E-8B0C-A22479D4C0A1}.Debug|Any CPU.ActiveCfg = Debug|Any CPU
		{9BBF1663-1BF7-456E-8B0C-A22479D4C0A1}.Debug|Any CPU.Build.0 = Debug|Any CPU
		{9BBF1663-1BF7-456E-8B0C-A22479D4C0A1}.Release|Any CPU.ActiveCfg = Release|Any CPU
		{9BBF1663-1BF7-456E-8B0C-A22479D4C0A1}.Release|Any CPU.Build.0 = Release|Any CPU
		{31B0BD97-033F-471E-9A53-E7E741C452B6}.Debug|Any CPU.ActiveCfg = Debug|Any CPU
		{31B0BD97-033F-471E-9A53-E7E741C452B6}.Debug|Any CPU.Build.0 = Debug|Any CPU
		{31B0BD97-033F-471E-9A53-E7E741C452B6}.Release|Any CPU.ActiveCfg = Release|Any CPU
		{31B0BD97-033F-471E-9A53-E7E741C452B6}.Release|Any CPU.Build.0 = Release|Any CPU
		{5CD1A219-DAF1-432E-B5BB-4E875CF183E6}.Debug|Any CPU.ActiveCfg = Debug|Any CPU
		{5CD1A219-DAF1-432E-B5BB-4E875CF183E6}.Debug|Any CPU.Build.0 = Debug|Any CPU
		{5CD1A219-DAF1-432E-B5BB-4E875CF183E6}.Release|Any CPU.ActiveCfg = Release|Any CPU
		{5CD1A219-DAF1-432E-B5BB-4E875CF183E6}.Release|Any CPU.Build.0 = Release|Any CPU
		{5B844AFF-B229-4595-98FC-8BBE9B066453}.Debug|Any CPU.ActiveCfg = Debug|Any CPU
		{5B844AFF-B229-4595-98FC-8BBE9B066453}.Debug|Any CPU.Build.0 = Debug|Any CPU
		{5B844AFF-B229-4595-98FC-8BBE9B066453}.Release|Any CPU.ActiveCfg = Release|Any CPU
		{5B844AFF-B229-4595-98FC-8BBE9B066453}.Release|Any CPU.Build.0 = Release|Any CPU
		{6060735D-7C64-4B83-A23C-069D6C3BB966}.Debug|Any CPU.ActiveCfg = Debug|Any CPU
		{6060735D-7C64-4B83-A23C-069D6C3BB966}.Debug|Any CPU.Build.0 = Debug|Any CPU
		{6060735D-7C64-4B83-A23C-069D6C3BB966}.Release|Any CPU.ActiveCfg = Release|Any CPU
		{6060735D-7C64-4B83-A23C-069D6C3BB966}.Release|Any CPU.Build.0 = Release|Any CPU
	EndGlobalSection
	GlobalSection(SolutionProperties) = preSolution
		HideSolutionNode = FALSE
	EndGlobalSection
	GlobalSection(NestedProjects) = preSolution
		{1EB603B2-EC75-4236-AE06-7173ED54B515} = {BFB4F20C-9757-4058-8B78-83FFA8B9D5C1}
		{635AF4B3-CA08-489F-B347-7D220502E8B2} = {5251A906-8D3D-4DA7-9AEA-78C1213CC342}
		{7A1E461E-079C-44D2-AE25-1D6DE73B7C79} = {5251A906-8D3D-4DA7-9AEA-78C1213CC342}
		{5251A906-8D3D-4DA7-9AEA-78C1213CC342} = {75595718-A332-4319-9CC3-E53CC0FD15C9}
		{ED0614B9-04C9-4543-84E4-006580B95972} = {75595718-A332-4319-9CC3-E53CC0FD15C9}
		{56837CDB-EA5D-498E-A56C-7CD17ED4B0A5} = {635AF4B3-CA08-489F-B347-7D220502E8B2}
		{9BBF1663-1BF7-456E-8B0C-A22479D4C0A1} = {635AF4B3-CA08-489F-B347-7D220502E8B2}
		{31B0BD97-033F-471E-9A53-E7E741C452B6} = {7A1E461E-079C-44D2-AE25-1D6DE73B7C79}
		{5CD1A219-DAF1-432E-B5BB-4E875CF183E6} = {7A1E461E-079C-44D2-AE25-1D6DE73B7C79}
		{5B844AFF-B229-4595-98FC-8BBE9B066453} = {5251A906-8D3D-4DA7-9AEA-78C1213CC342}
		{6060735D-7C64-4B83-A23C-069D6C3BB966} = {ED0614B9-04C9-4543-84E4-006580B95972}
	EndGlobalSection
	GlobalSection(ExtensibilityGlobals) = postSolution
		SolutionGuid = {0F4C7A3A-D8B2-40CB-AA3F-BEBC9AE58BE1}
	EndGlobalSection
EndGlobal
